// !$*UTF8*$!
{
	archiveVersion = 1;
	classes = {
	};
	objectVersion = 56;
	objects = {

/* Begin PBXBuildFile section */
		26E8C09E2AD68FE400EF2D34 /* AppDelegate.swift in Sources */ = {isa = PBXBuildFile; fileRef = 26E8C09D2AD68FE400EF2D34 /* AppDelegate.swift */; };
		26E8C0A02AD68FE400EF2D34 /* SceneDelegate.swift in Sources */ = {isa = PBXBuildFile; fileRef = 26E8C09F2AD68FE400EF2D34 /* SceneDelegate.swift */; };
		26E8C0A22AD68FE400EF2D34 /* AuthViewController.swift in Sources */ = {isa = PBXBuildFile; fileRef = 26E8C0A12AD68FE400EF2D34 /* AuthViewController.swift */; };
		26E8C0A52AD68FE400EF2D34 /* Main.storyboard in Resources */ = {isa = PBXBuildFile; fileRef = 26E8C0A32AD68FE400EF2D34 /* Main.storyboard */; };
		26E8C0A72AD68FEF00EF2D34 /* Assets.xcassets in Resources */ = {isa = PBXBuildFile; fileRef = 26E8C0A62AD68FEF00EF2D34 /* Assets.xcassets */; };
		26E8C0AA2AD68FEF00EF2D34 /* LaunchScreen.storyboard in Resources */ = {isa = PBXBuildFile; fileRef = 26E8C0A82AD68FEF00EF2D34 /* LaunchScreen.storyboard */; };
		26E8C0B22AD6908F00EF2D34 /* ListViewController.swift in Sources */ = {isa = PBXBuildFile; fileRef = 26E8C0B12AD6908E00EF2D34 /* ListViewController.swift */; };
		26E8C0B42AD690B700EF2D34 /* DetailViewController.swift in Sources */ = {isa = PBXBuildFile; fileRef = 26E8C0B32AD690B700EF2D34 /* DetailViewController.swift */; };
		26E8C0B92AD6A1EB00EF2D34 /* ApiService.swift in Sources */ = {isa = PBXBuildFile; fileRef = 26E8C0B82AD6A1EB00EF2D34 /* ApiService.swift */; };
		26E8C0BD2AD6A57D00EF2D34 /* ListViewModel.swift in Sources */ = {isa = PBXBuildFile; fileRef = 26E8C0BC2AD6A57D00EF2D34 /* ListViewModel.swift */; };
		26E8C0C22AD6A70B00EF2D34 /* PokemonList.swift in Sources */ = {isa = PBXBuildFile; fileRef = 26E8C0C12AD6A70B00EF2D34 /* PokemonList.swift */; };
		26E8C0C42AD6A75B00EF2D34 /* APIConstant.swift in Sources */ = {isa = PBXBuildFile; fileRef = 26E8C0C32AD6A75B00EF2D34 /* APIConstant.swift */; };
		26E8C0C72AD6ADC100EF2D34 /* ListTableViewCell.swift in Sources */ = {isa = PBXBuildFile; fileRef = 26E8C0C52AD6ADC100EF2D34 /* ListTableViewCell.swift */; };
		26E8C0C82AD6ADC100EF2D34 /* ListTableViewCell.xib in Resources */ = {isa = PBXBuildFile; fileRef = 26E8C0C62AD6ADC100EF2D34 /* ListTableViewCell.xib */; };
		26E8C0CA2AD6B13C00EF2D34 /* Loader.swift in Sources */ = {isa = PBXBuildFile; fileRef = 26E8C0C92AD6B13C00EF2D34 /* Loader.swift */; };
		26E8C0CE2AD6B44C00EF2D34 /* UIViewController.swift in Sources */ = {isa = PBXBuildFile; fileRef = 26E8C0CD2AD6B44C00EF2D34 /* UIViewController.swift */; };
		26E8C0D02AD6B50F00EF2D34 /* Controllers.swift in Sources */ = {isa = PBXBuildFile; fileRef = 26E8C0CF2AD6B50F00EF2D34 /* Controllers.swift */; };
		B60E3DBF5E1AD92BC7067575 /* Pods_TestProject.framework in Frameworks */ = {isa = PBXBuildFile; fileRef = 50B84871F3963F281711A84D /* Pods_TestProject.framework */; };
/* End PBXBuildFile section */

/* Begin PBXFileReference section */
		26E8C09A2AD68FE300EF2D34 /* TestProject.app */ = {isa = PBXFileReference; explicitFileType = wrapper.application; includeInIndex = 0; path = TestProject.app; sourceTree = BUILT_PRODUCTS_DIR; };
		26E8C09D2AD68FE400EF2D34 /* AppDelegate.swift */ = {isa = PBXFileReference; lastKnownFileType = sourcecode.swift; path = AppDelegate.swift; sourceTree = "<group>"; };
		26E8C09F2AD68FE400EF2D34 /* SceneDelegate.swift */ = {isa = PBXFileReference; lastKnownFileType = sourcecode.swift; path = SceneDelegate.swift; sourceTree = "<group>"; };
		26E8C0A12AD68FE400EF2D34 /* AuthViewController.swift */ = {isa = PBXFileReference; lastKnownFileType = sourcecode.swift; path = AuthViewController.swift; sourceTree = "<group>"; };
		26E8C0A42AD68FE400EF2D34 /* Base */ = {isa = PBXFileReference; lastKnownFileType = file.storyboard; name = Base; path = Base.lproj/Main.storyboard; sourceTree = "<group>"; };
		26E8C0A62AD68FEF00EF2D34 /* Assets.xcassets */ = {isa = PBXFileReference; lastKnownFileType = folder.assetcatalog; path = Assets.xcassets; sourceTree = "<group>"; };
		26E8C0A92AD68FEF00EF2D34 /* Base */ = {isa = PBXFileReference; lastKnownFileType = file.storyboard; name = Base; path = Base.lproj/LaunchScreen.storyboard; sourceTree = "<group>"; };
		26E8C0AB2AD68FEF00EF2D34 /* Info.plist */ = {isa = PBXFileReference; lastKnownFileType = text.plist.xml; path = Info.plist; sourceTree = "<group>"; };
		26E8C0B12AD6908E00EF2D34 /* ListViewController.swift */ = {isa = PBXFileReference; lastKnownFileType = sourcecode.swift; path = ListViewController.swift; sourceTree = "<group>"; };
		26E8C0B32AD690B700EF2D34 /* DetailViewController.swift */ = {isa = PBXFileReference; lastKnownFileType = sourcecode.swift; path = DetailViewController.swift; sourceTree = "<group>"; };
		26E8C0B82AD6A1EB00EF2D34 /* ApiService.swift */ = {isa = PBXFileReference; lastKnownFileType = sourcecode.swift; path = ApiService.swift; sourceTree = "<group>"; };
		26E8C0BC2AD6A57D00EF2D34 /* ListViewModel.swift */ = {isa = PBXFileReference; lastKnownFileType = sourcecode.swift; path = ListViewModel.swift; sourceTree = "<group>"; };
		26E8C0C12AD6A70B00EF2D34 /* PokemonList.swift */ = {isa = PBXFileReference; lastKnownFileType = sourcecode.swift; path = PokemonList.swift; sourceTree = "<group>"; };
		26E8C0C32AD6A75B00EF2D34 /* APIConstant.swift */ = {isa = PBXFileReference; lastKnownFileType = sourcecode.swift; path = APIConstant.swift; sourceTree = "<group>"; };
		26E8C0C52AD6ADC100EF2D34 /* ListTableViewCell.swift */ = {isa = PBXFileReference; lastKnownFileType = sourcecode.swift; path = ListTableViewCell.swift; sourceTree = "<group>"; };
		26E8C0C62AD6ADC100EF2D34 /* ListTableViewCell.xib */ = {isa = PBXFileReference; lastKnownFileType = file.xib; path = ListTableViewCell.xib; sourceTree = "<group>"; };
		26E8C0C92AD6B13C00EF2D34 /* Loader.swift */ = {isa = PBXFileReference; lastKnownFileType = sourcecode.swift; path = Loader.swift; sourceTree = "<group>"; };
		26E8C0CD2AD6B44C00EF2D34 /* UIViewController.swift */ = {isa = PBXFileReference; lastKnownFileType = sourcecode.swift; path = UIViewController.swift; sourceTree = "<group>"; };
		26E8C0CF2AD6B50F00EF2D34 /* Controllers.swift */ = {isa = PBXFileReference; lastKnownFileType = sourcecode.swift; path = Controllers.swift; sourceTree = "<group>"; };
		50B84871F3963F281711A84D /* Pods_TestProject.framework */ = {isa = PBXFileReference; explicitFileType = wrapper.framework; includeInIndex = 0; path = Pods_TestProject.framework; sourceTree = BUILT_PRODUCTS_DIR; };
		AD9AA744507617F203387F9B /* Pods-TestProject.debug.xcconfig */ = {isa = PBXFileReference; includeInIndex = 1; lastKnownFileType = text.xcconfig; name = "Pods-TestProject.debug.xcconfig"; path = "Target Support Files/Pods-TestProject/Pods-TestProject.debug.xcconfig"; sourceTree = "<group>"; };
		BEEE98D49400EF5ECE42FBC9 /* Pods-TestProject.release.xcconfig */ = {isa = PBXFileReference; includeInIndex = 1; lastKnownFileType = text.xcconfig; name = "Pods-TestProject.release.xcconfig"; path = "Target Support Files/Pods-TestProject/Pods-TestProject.release.xcconfig"; sourceTree = "<group>"; };
/* End PBXFileReference section */

/* Begin PBXFrameworksBuildPhase section */
		26E8C0972AD68FE300EF2D34 /* Frameworks */ = {
			isa = PBXFrameworksBuildPhase;
			buildActionMask = 2147483647;
			files = (
				B60E3DBF5E1AD92BC7067575 /* Pods_TestProject.framework in Frameworks */,
			);
			runOnlyForDeploymentPostprocessing = 0;
		};
/* End PBXFrameworksBuildPhase section */

/* Begin PBXGroup section */
		26E8C0912AD68FE300EF2D34 = {
			isa = PBXGroup;
			children = (
				26E8C09C2AD68FE300EF2D34 /* TestProject */,
				26E8C09B2AD68FE300EF2D34 /* Products */,
				B6440053FBF36F5B10BEBA6D /* Pods */,
				9CCBD20130EF5AE2EA7A9B47 /* Frameworks */,
			);
			sourceTree = "<group>";
		};
		26E8C09B2AD68FE300EF2D34 /* Products */ = {
			isa = PBXGroup;
			children = (
				26E8C09A2AD68FE300EF2D34 /* TestProject.app */,
			);
			name = Products;
			sourceTree = "<group>";
		};
		26E8C09C2AD68FE300EF2D34 /* TestProject */ = {
			isa = PBXGroup;
			children = (
				26E8C0BA2AD6A34700EF2D34 /* Core */,
				26E8C0CB2AD6B28400EF2D34 /* UtilityManager */,
				26E8C0C02AD6A68A00EF2D34 /* Constant */,
				26E8C0B72AD6A1C300EF2D34 /* ApiService */,
				26E8C0BE2AD6A60400EF2D34 /* Model */,
				26E8C0BF2AD6A62C00EF2D34 /* CustomView */,
				26E8C0BB2AD6A54C00EF2D34 /* ViewModel */,
				26E8C0B52AD690D600EF2D34 /* Controller */,
				26E8C0B62AD690F000EF2D34 /* Storyboard */,
				26E8C0A62AD68FEF00EF2D34 /* Assets.xcassets */,
				26E8C0A82AD68FEF00EF2D34 /* LaunchScreen.storyboard */,
				26E8C0AB2AD68FEF00EF2D34 /* Info.plist */,
			);
			path = TestProject;
			sourceTree = "<group>";
		};
		26E8C0B52AD690D600EF2D34 /* Controller */ = {
			isa = PBXGroup;
			children = (
				26E8C0A12AD68FE400EF2D34 /* AuthViewController.swift */,
				26E8C0B12AD6908E00EF2D34 /* ListViewController.swift */,
				26E8C0B32AD690B700EF2D34 /* DetailViewController.swift */,
			);
			path = Controller;
			sourceTree = "<group>";
		};
		26E8C0B62AD690F000EF2D34 /* Storyboard */ = {
			isa = PBXGroup;
			children = (
				26E8C0A32AD68FE400EF2D34 /* Main.storyboard */,
			);
			path = Storyboard;
			sourceTree = "<group>";
		};
		26E8C0B72AD6A1C300EF2D34 /* ApiService */ = {
			isa = PBXGroup;
			children = (
				26E8C0B82AD6A1EB00EF2D34 /* ApiService.swift */,
			);
			path = ApiService;
			sourceTree = "<group>";
		};
		26E8C0BA2AD6A34700EF2D34 /* Core */ = {
			isa = PBXGroup;
			children = (
				26E8C09D2AD68FE400EF2D34 /* AppDelegate.swift */,
				26E8C09F2AD68FE400EF2D34 /* SceneDelegate.swift */,
			);
			path = Core;
			sourceTree = "<group>";
		};
		26E8C0BB2AD6A54C00EF2D34 /* ViewModel */ = {
			isa = PBXGroup;
			children = (
				26E8C0BC2AD6A57D00EF2D34 /* ListViewModel.swift */,
			);
			path = ViewModel;
			sourceTree = "<group>";
		};
		26E8C0BE2AD6A60400EF2D34 /* Model */ = {
			isa = PBXGroup;
			children = (
				26E8C0C12AD6A70B00EF2D34 /* PokemonList.swift */,
			);
			path = Model;
			sourceTree = "<group>";
		};
		26E8C0BF2AD6A62C00EF2D34 /* CustomView */ = {
			isa = PBXGroup;
			children = (
				26E8C0C52AD6ADC100EF2D34 /* ListTableViewCell.swift */,
				26E8C0C62AD6ADC100EF2D34 /* ListTableViewCell.xib */,
			);
			path = CustomView;
			sourceTree = "<group>";
		};
		26E8C0C02AD6A68A00EF2D34 /* Constant */ = {
			isa = PBXGroup;
			children = (
				26E8C0C32AD6A75B00EF2D34 /* APIConstant.swift */,
				26E8C0CF2AD6B50F00EF2D34 /* Controllers.swift */,
			);
			path = Constant;
			sourceTree = "<group>";
		};
		26E8C0CB2AD6B28400EF2D34 /* UtilityManager */ = {
			isa = PBXGroup;
			children = (
				26E8C0D12AD6BA0900EF2D34 /* HelpingClass */,
				26E8C0CC2AD6B2A700EF2D34 /* Extension */,
			);
			path = UtilityManager;
			sourceTree = "<group>";
		};
		26E8C0CC2AD6B2A700EF2D34 /* Extension */ = {
			isa = PBXGroup;
			children = (
				26E8C0CD2AD6B44C00EF2D34 /* UIViewController.swift */,
			);
			path = Extension;
			sourceTree = "<group>";
		};
		26E8C0D12AD6BA0900EF2D34 /* HelpingClass */ = {
			isa = PBXGroup;
			children = (
				26E8C0C92AD6B13C00EF2D34 /* Loader.swift */,
			);
			path = HelpingClass;
			sourceTree = "<group>";
		};
		9CCBD20130EF5AE2EA7A9B47 /* Frameworks */ = {
			isa = PBXGroup;
			children = (
				50B84871F3963F281711A84D /* Pods_TestProject.framework */,
			);
			name = Frameworks;
			sourceTree = "<group>";
		};
		B6440053FBF36F5B10BEBA6D /* Pods */ = {
			isa = PBXGroup;
			children = (
				AD9AA744507617F203387F9B /* Pods-TestProject.debug.xcconfig */,
				BEEE98D49400EF5ECE42FBC9 /* Pods-TestProject.release.xcconfig */,
			);
			path = Pods;
			sourceTree = "<group>";
		};
/* End PBXGroup section */

/* Begin PBXNativeTarget section */
		26E8C0992AD68FE300EF2D34 /* TestProject */ = {
			isa = PBXNativeTarget;
			buildConfigurationList = 26E8C0AE2AD68FEF00EF2D34 /* Build configuration list for PBXNativeTarget "TestProject" */;
			buildPhases = (
				45C9A0ACA4B4EA62A2946AFF /* [CP] Check Pods Manifest.lock */,
				26E8C0962AD68FE300EF2D34 /* Sources */,
				26E8C0972AD68FE300EF2D34 /* Frameworks */,
				26E8C0982AD68FE300EF2D34 /* Resources */,
				C46D1ED89CB4FAA26FF18D63 /* [CP] Embed Pods Frameworks */,
			);
			buildRules = (
			);
			dependencies = (
			);
			name = TestProject;
			productName = TestProject;
			productReference = 26E8C09A2AD68FE300EF2D34 /* TestProject.app */;
			productType = "com.apple.product-type.application";
		};
/* End PBXNativeTarget section */

/* Begin PBXProject section */
		26E8C0922AD68FE300EF2D34 /* Project object */ = {
			isa = PBXProject;
			attributes = {
				BuildIndependentTargetsInParallel = 1;
				LastSwiftUpdateCheck = 1420;
				LastUpgradeCheck = 1420;
				TargetAttributes = {
					26E8C0992AD68FE300EF2D34 = {
						CreatedOnToolsVersion = 14.2;
					};
				};
			};
			buildConfigurationList = 26E8C0952AD68FE300EF2D34 /* Build configuration list for PBXProject "TestProject" */;
			compatibilityVersion = "Xcode 14.0";
			developmentRegion = en;
			hasScannedForEncodings = 0;
			knownRegions = (
				en,
				Base,
			);
			mainGroup = 26E8C0912AD68FE300EF2D34;
			productRefGroup = 26E8C09B2AD68FE300EF2D34 /* Products */;
			projectDirPath = "";
			projectRoot = "";
			targets = (
				26E8C0992AD68FE300EF2D34 /* TestProject */,
			);
		};
/* End PBXProject section */

/* Begin PBXResourcesBuildPhase section */
		26E8C0982AD68FE300EF2D34 /* Resources */ = {
			isa = PBXResourcesBuildPhase;
			buildActionMask = 2147483647;
			files = (
				26E8C0AA2AD68FEF00EF2D34 /* LaunchScreen.storyboard in Resources */,
				26E8C0C82AD6ADC100EF2D34 /* ListTableViewCell.xib in Resources */,
				26E8C0A72AD68FEF00EF2D34 /* Assets.xcassets in Resources */,
				26E8C0A52AD68FE400EF2D34 /* Main.storyboard in Resources */,
			);
			runOnlyForDeploymentPostprocessing = 0;
		};
/* End PBXResourcesBuildPhase section */

/* Begin PBXShellScriptBuildPhase section */
		45C9A0ACA4B4EA62A2946AFF /* [CP] Check Pods Manifest.lock */ = {
			isa = PBXShellScriptBuildPhase;
			buildActionMask = 2147483647;
			files = (
			);
			inputFileListPaths = (
			);
			inputPaths = (
				"${PODS_PODFILE_DIR_PATH}/Podfile.lock",
				"${PODS_ROOT}/Manifest.lock",
			);
			name = "[CP] Check Pods Manifest.lock";
			outputFileListPaths = (
			);
			outputPaths = (
				"$(DERIVED_FILE_DIR)/Pods-TestProject-checkManifestLockResult.txt",
			);
			runOnlyForDeploymentPostprocessing = 0;
			shellPath = /bin/sh;
			shellScript = "diff \"${PODS_PODFILE_DIR_PATH}/Podfile.lock\" \"${PODS_ROOT}/Manifest.lock\" > /dev/null\nif [ $? != 0 ] ; then\n    # print error to STDERR\n    echo \"error: The sandbox is not in sync with the Podfile.lock. Run 'pod install' or update your CocoaPods installation.\" >&2\n    exit 1\nfi\n# This output is used by Xcode 'outputs' to avoid re-running this script phase.\necho \"SUCCESS\" > \"${SCRIPT_OUTPUT_FILE_0}\"\n";
			showEnvVarsInLog = 0;
		};
		C46D1ED89CB4FAA26FF18D63 /* [CP] Embed Pods Frameworks */ = {
			isa = PBXShellScriptBuildPhase;
			buildActionMask = 2147483647;
			files = (
			);
			inputFileListPaths = (
				"${PODS_ROOT}/Target Support Files/Pods-TestProject/Pods-TestProject-frameworks-${CONFIGURATION}-input-files.xcfilelist",
			);
			name = "[CP] Embed Pods Frameworks";
			outputFileListPaths = (
				"${PODS_ROOT}/Target Support Files/Pods-TestProject/Pods-TestProject-frameworks-${CONFIGURATION}-output-files.xcfilelist",
			);
			runOnlyForDeploymentPostprocessing = 0;
			shellPath = /bin/sh;
			shellScript = "\"${PODS_ROOT}/Target Support Files/Pods-TestProject/Pods-TestProject-frameworks.sh\"\n";
			showEnvVarsInLog = 0;
		};
/* End PBXShellScriptBuildPhase section */

/* Begin PBXSourcesBuildPhase section */
		26E8C0962AD68FE300EF2D34 /* Sources */ = {
			isa = PBXSourcesBuildPhase;
			buildActionMask = 2147483647;
			files = (
				26E8C0A22AD68FE400EF2D34 /* AuthViewController.swift in Sources */,
				26E8C09E2AD68FE400EF2D34 /* AppDelegate.swift in Sources */,
				26E8C0CE2AD6B44C00EF2D34 /* UIViewController.swift in Sources */,
				26E8C0C42AD6A75B00EF2D34 /* APIConstant.swift in Sources */,
				26E8C0BD2AD6A57D00EF2D34 /* ListViewModel.swift in Sources */,
				26E8C0B92AD6A1EB00EF2D34 /* ApiService.swift in Sources */,
				26E8C0B42AD690B700EF2D34 /* DetailViewController.swift in Sources */,
				26E8C0B22AD6908F00EF2D34 /* ListViewController.swift in Sources */,
				26E8C0A02AD68FE400EF2D34 /* SceneDelegate.swift in Sources */,
				26E8C0D02AD6B50F00EF2D34 /* Controllers.swift in Sources */,
				26E8C0C22AD6A70B00EF2D34 /* PokemonList.swift in Sources */,
				26E8C0CA2AD6B13C00EF2D34 /* Loader.swift in Sources */,
				26E8C0C72AD6ADC100EF2D34 /* ListTableViewCell.swift in Sources */,
			);
			runOnlyForDeploymentPostprocessing = 0;
		};
/* End PBXSourcesBuildPhase section */

/* Begin PBXVariantGroup section */
		26E8C0A32AD68FE400EF2D34 /* Main.storyboard */ = {
			isa = PBXVariantGroup;
			children = (
				26E8C0A42AD68FE400EF2D34 /* Base */,
			);
			name = Main.storyboard;
			sourceTree = "<group>";
		};
		26E8C0A82AD68FEF00EF2D34 /* LaunchScreen.storyboard */ = {
			isa = PBXVariantGroup;
			children = (
				26E8C0A92AD68FEF00EF2D34 /* Base */,
			);
			name = LaunchScreen.storyboard;
			sourceTree = "<group>";
		};
/* End PBXVariantGroup section */

/* Begin XCBuildConfiguration section */
		26E8C0AC2AD68FEF00EF2D34 /* Debug */ = {
			isa = XCBuildConfiguration;
			buildSettings = {
				ALWAYS_SEARCH_USER_PATHS = NO;
				CLANG_ANALYZER_NONNULL = YES;
				CLANG_ANALYZER_NUMBER_OBJECT_CONVERSION = YES_AGGRESSIVE;
				CLANG_CXX_LANGUAGE_STANDARD = "gnu++20";
				CLANG_ENABLE_MODULES = YES;
				CLANG_ENABLE_OBJC_ARC = YES;
				CLANG_ENABLE_OBJC_WEAK = YES;
				CLANG_WARN_BLOCK_CAPTURE_AUTORELEASING = YES;
				CLANG_WARN_BOOL_CONVERSION = YES;
				CLANG_WARN_COMMA = YES;
				CLANG_WARN_CONSTANT_CONVERSION = YES;
				CLANG_WARN_DEPRECATED_OBJC_IMPLEMENTATIONS = YES;
				CLANG_WARN_DIRECT_OBJC_ISA_USAGE = YES_ERROR;
				CLANG_WARN_DOCUMENTATION_COMMENTS = YES;
				CLANG_WARN_EMPTY_BODY = YES;
				CLANG_WARN_ENUM_CONVERSION = YES;
				CLANG_WARN_INFINITE_RECURSION = YES;
				CLANG_WARN_INT_CONVERSION = YES;
				CLANG_WARN_NON_LITERAL_NULL_CONVERSION = YES;
				CLANG_WARN_OBJC_IMPLICIT_RETAIN_SELF = YES;
				CLANG_WARN_OBJC_LITERAL_CONVERSION = YES;
				CLANG_WARN_OBJC_ROOT_CLASS = YES_ERROR;
				CLANG_WARN_QUOTED_INCLUDE_IN_FRAMEWORK_HEADER = YES;
				CLANG_WARN_RANGE_LOOP_ANALYSIS = YES;
				CLANG_WARN_STRICT_PROTOTYPES = YES;
				CLANG_WARN_SUSPICIOUS_MOVE = YES;
				CLANG_WARN_UNGUARDED_AVAILABILITY = YES_AGGRESSIVE;
				CLANG_WARN_UNREACHABLE_CODE = YES;
				CLANG_WARN__DUPLICATE_METHOD_MATCH = YES;
				COPY_PHASE_STRIP = NO;
				DEBUG_INFORMATION_FORMAT = dwarf;
				ENABLE_STRICT_OBJC_MSGSEND = YES;
				ENABLE_TESTABILITY = YES;
				GCC_C_LANGUAGE_STANDARD = gnu11;
				GCC_DYNAMIC_NO_PIC = NO;
				GCC_NO_COMMON_BLOCKS = YES;
				GCC_OPTIMIZATION_LEVEL = 0;
				GCC_PREPROCESSOR_DEFINITIONS = (
					"DEBUG=1",
					"$(inherited)",
				);
				GCC_WARN_64_TO_32_BIT_CONVERSION = YES;
				GCC_WARN_ABOUT_RETURN_TYPE = YES_ERROR;
				GCC_WARN_UNDECLARED_SELECTOR = YES;
				GCC_WARN_UNINITIALIZED_AUTOS = YES_AGGRESSIVE;
				GCC_WARN_UNUSED_FUNCTION = YES;
				GCC_WARN_UNUSED_VARIABLE = YES;
				IPHONEOS_DEPLOYMENT_TARGET = 16.2;
				MTL_ENABLE_DEBUG_INFO = INCLUDE_SOURCE;
				MTL_FAST_MATH = YES;
				ONLY_ACTIVE_ARCH = YES;
				SDKROOT = iphoneos;
				SWIFT_ACTIVE_COMPILATION_CONDITIONS = DEBUG;
				SWIFT_OPTIMIZATION_LEVEL = "-Onone";
			};
			name = Debug;
		};
		26E8C0AD2AD68FEF00EF2D34 /* Release */ = {
			isa = XCBuildConfiguration;
			buildSettings = {
				ALWAYS_SEARCH_USER_PATHS = NO;
				CLANG_ANALYZER_NONNULL = YES;
				CLANG_ANALYZER_NUMBER_OBJECT_CONVERSION = YES_AGGRESSIVE;
				CLANG_CXX_LANGUAGE_STANDARD = "gnu++20";
				CLANG_ENABLE_MODULES = YES;
				CLANG_ENABLE_OBJC_ARC = YES;
				CLANG_ENABLE_OBJC_WEAK = YES;
				CLANG_WARN_BLOCK_CAPTURE_AUTORELEASING = YES;
				CLANG_WARN_BOOL_CONVERSION = YES;
				CLANG_WARN_COMMA = YES;
				CLANG_WARN_CONSTANT_CONVERSION = YES;
				CLANG_WARN_DEPRECATED_OBJC_IMPLEMENTATIONS = YES;
				CLANG_WARN_DIRECT_OBJC_ISA_USAGE = YES_ERROR;
				CLANG_WARN_DOCUMENTATION_COMMENTS = YES;
				CLANG_WARN_EMPTY_BODY = YES;
				CLANG_WARN_ENUM_CONVERSION = YES;
				CLANG_WARN_INFINITE_RECURSION = YES;
				CLANG_WARN_INT_CONVERSION = YES;
				CLANG_WARN_NON_LITERAL_NULL_CONVERSION = YES;
				CLANG_WARN_OBJC_IMPLICIT_RETAIN_SELF = YES;
				CLANG_WARN_OBJC_LITERAL_CONVERSION = YES;
				CLANG_WARN_OBJC_ROOT_CLASS = YES_ERROR;
				CLANG_WARN_QUOTED_INCLUDE_IN_FRAMEWORK_HEADER = YES;
				CLANG_WARN_RANGE_LOOP_ANALYSIS = YES;
				CLANG_WARN_STRICT_PROTOTYPES = YES;
				CLANG_WARN_SUSPICIOUS_MOVE = YES;
				CLANG_WARN_UNGUARDED_AVAILABILITY = YES_AGGRESSIVE;
				CLANG_WARN_UNREACHABLE_CODE = YES;
				CLANG_WARN__DUPLICATE_METHOD_MATCH = YES;
				COPY_PHASE_STRIP = NO;
				DEBUG_INFORMATION_FORMAT = "dwarf-with-dsym";
				ENABLE_NS_ASSERTIONS = NO;
				ENABLE_STRICT_OBJC_MSGSEND = YES;
				GCC_C_LANGUAGE_STANDARD = gnu11;
				GCC_NO_COMMON_BLOCKS = YES;
				GCC_WARN_64_TO_32_BIT_CONVERSION = YES;
				GCC_WARN_ABOUT_RETURN_TYPE = YES_ERROR;
				GCC_WARN_UNDECLARED_SELECTOR = YES;
				GCC_WARN_UNINITIALIZED_AUTOS = YES_AGGRESSIVE;
				GCC_WARN_UNUSED_FUNCTION = YES;
				GCC_WARN_UNUSED_VARIABLE = YES;
				IPHONEOS_DEPLOYMENT_TARGET = 16.2;
				MTL_ENABLE_DEBUG_INFO = NO;
				MTL_FAST_MATH = YES;
				SDKROOT = iphoneos;
				SWIFT_COMPILATION_MODE = wholemodule;
				SWIFT_OPTIMIZATION_LEVEL = "-O";
				VALIDATE_PRODUCT = YES;
			};
			name = Release;
		};
		26E8C0AF2AD68FEF00EF2D34 /* Debug */ = {
			isa = XCBuildConfiguration;
			baseConfigurationReference = AD9AA744507617F203387F9B /* Pods-TestProject.debug.xcconfig */;
			buildSettings = {
				ASSETCATALOG_COMPILER_APPICON_NAME = AppIcon;
				ASSETCATALOG_COMPILER_GLOBAL_ACCENT_COLOR_NAME = AccentColor;
				CODE_SIGN_STYLE = Automatic;
				CURRENT_PROJECT_VERSION = 1;
				GENERATE_INFOPLIST_FILE = YES;
				INFOPLIST_FILE = TestProject/Info.plist;
				INFOPLIST_KEY_UIApplicationSupportsIndirectInputEvents = YES;
				INFOPLIST_KEY_UILaunchStoryboardName = LaunchScreen;
				INFOPLIST_KEY_UIMainStoryboardFile = Main;
				INFOPLIST_KEY_UISupportedInterfaceOrientations_iPad = "UIInterfaceOrientationPortrait UIInterfaceOrientationPortraitUpsideDown UIInterfaceOrientationLandscapeLeft UIInterfaceOrientationLandscapeRight";
				INFOPLIST_KEY_UISupportedInterfaceOrientations_iPhone = "UIInterfaceOrientationPortrait UIInterfaceOrientationLandscapeLeft UIInterfaceOrientationLandscapeRight";
				LD_RUNPATH_SEARCH_PATHS = (
					"$(inherited)",
					"@executable_path/Frameworks",
				);
				MARKETING_VERSION = 1.0;
				PRODUCT_BUNDLE_IDENTIFIER = com.myProject.TestProject;
				PRODUCT_NAME = "$(TARGET_NAME)";
				SWIFT_EMIT_LOC_STRINGS = YES;
				SWIFT_VERSION = 5.0;
				TARGETED_DEVICE_FAMILY = "1,2";
			};
			name = Debug;
		};
		26E8C0B02AD68FEF00EF2D34 /* Release */ = {
			isa = XCBuildConfiguration;
			baseConfigurationReference = BEEE98D49400EF5ECE42FBC9 /* Pods-TestProject.release.xcconfig */;
			buildSettings = {
				ASSETCATALOG_COMPILER_APPICON_NAME = AppIcon;
				ASSETCATALOG_COMPILER_GLOBAL_ACCENT_COLOR_NAME = AccentColor;
				CODE_SIGN_STYLE = Automatic;
				CURRENT_PROJECT_VERSION = 1;
				GENERATE_INFOPLIST_FILE = YES;
				INFOPLIST_FILE = TestProject/Info.plist;
				INFOPLIST_KEY_UIApplicationSupportsIndirectInputEvents = YES;
				INFOPLIST_KEY_UILaunchStoryboardName = LaunchScreen;
				INFOPLIST_KEY_UIMainStoryboardFile = Main;
				INFOPLIST_KEY_UISupportedInterfaceOrientations_iPad = "UIInterfaceOrientationPortrait UIInterfaceOrientationPortraitUpsideDown UIInterfaceOrientationLandscapeLeft UIInterfaceOrientationLandscapeRight";
				INFOPLIST_KEY_UISupportedInterfaceOrientations_iPhone = "UIInterfaceOrientationPortrait UIInterfaceOrientationLandscapeLeft UIInterfaceOrientationLandscapeRight";
				LD_RUNPATH_SEARCH_PATHS = (
					"$(inherited)",
					"@executable_path/Frameworks",
				);
				MARKETING_VERSION = 1.0;
				PRODUCT_BUNDLE_IDENTIFIER = com.myProject.TestProject;
				PRODUCT_NAME = "$(TARGET_NAME)";
				SWIFT_EMIT_LOC_STRINGS = YES;
				SWIFT_VERSION = 5.0;
				TARGETED_DEVICE_FAMILY = "1,2";
			};
			name = Release;
		};
/* End XCBuildConfiguration section */

/* Begin XCConfigurationList section */
		26E8C0952AD68FE300EF2D34 /* Build configuration list for PBXProject "TestProject" */ = {
			isa = XCConfigurationList;
			buildConfigurations = (
				26E8C0AC2AD68FEF00EF2D34 /* Debug */,
				26E8C0AD2AD68FEF00EF2D34 /* Release */,
			);
			defaultConfigurationIsVisible = 0;
			defaultConfigurationName = Release;
		};
		26E8C0AE2AD68FEF00EF2D34 /* Build configuration list for PBXNativeTarget "TestProject" */ = {
			isa = XCConfigurationList;
			buildConfigurations = (
				26E8C0AF2AD68FEF00EF2D34 /* Debug */,
				26E8C0B02AD68FEF00EF2D34 /* Release */,
			);
			defaultConfigurationIsVisible = 0;
			defaultConfigurationName = Release;
		};
/* End XCConfigurationList section */
	};
	rootObject = 26E8C0922AD68FE300EF2D34 /* Project object */;
}
